<Solution>
  <Folder Name="/files/">
    <File Path=".gitignore" />
    <File Path="Directory.Build.props" />
    <File Path="Directory.Packages.props" />
    <File Path="docker-compose.yml" />
    <File Path="README.md" />
  </Folder>
  <Folder Name="/src/">
    <Project Path="src/OpenTelemetryDashboard.Api/OpenTelemetryDashboard.Api.csproj" />
    <Project Path="src/OpenTelemetryDashboard.Core/OpenTelemetryDashboard.Core.csproj" />
    <Project Path="src/OpenTelemetryDashboard.Dashboards/OpenTelemetryDashboard.Dashboards.csproj" />
    <Project Path="src/OpenTelemetryDashboard.Host/OpenTelemetryDashboard.Host.csproj" />
    <Project Path="src/OpenTelemetryDashboard.Ingestion/OpenTelemetryDashboard.Ingestion.csproj" />
    <Project Path="src/OpenTelemetryDashboard.Persistence.Sqlite/OpenTelemetryDashboard.Persistence.Sqlite.csproj" />
    <Project Path="src/OpenTelemetryDashboard.Persistence.SqlServer/OpenTelemetryDashboard.Persistence.SqlServer.csproj" />
    <Project Path="src/OpenTelemetryDashboard.Persistence.PostgreSql/OpenTelemetryDashboard.Persistence.PostgreSql.csproj" />
    <Project Path="src/OpenTelemetryDashboard.Persistence/OpenTelemetryDashboard.Persistence.csproj" />
  </Folder>
  <Folder Name="/tests/">
    <Project Path="tests/OpenTelemetryDashboard.IntegrationTests/OpenTelemetryDashboard.IntegrationTests.csproj" />
    <Project Path="tests/OpenTelemetryDashboard.UnitTests/OpenTelemetryDashboard.UnitTests.csproj" />
  </Folder>
</Solution>
